
Microsoft Visual Studio Solution File, Format Version 12.00
# Visual Studio Version 16
VisualStudioVersion = 16.0.31729.503
MinimumVisualStudioVersion = 10.0.40219.1
Project("{FAE04EC0-301F-11D3-BF4B-00C04F79EFBC}") = "string-manipulation-practice", "string-manipulation-practice.csproj", "{4D582A07-3711-4672-A61B-6A196F1F06AC}"
EndProject
Global
	GlobalSection(SolutionConfigurationPlatforms) = preSolution
		Debug|Any CPU = Debug|Any CPU
		Release|Any CPU = Release|Any CPU
	EndGlobalSection
	GlobalSection(ProjectConfigurationPlatforms) = postSolution
		{4D582A07-3711-4672-A61B-6A196F1F06AC}.Debug|Any CPU.ActiveCfg = Debug|Any CPU
		{4D582A07-3711-4672-A61B-6A196F1F06AC}.Debug|Any CPU.Build.0 = Debug|Any CPU
		{4D582A07-3711-4672-A61B-6A196F1F06AC}.Release|Any CPU.ActiveCfg = Release|Any CPU
		{4D582A07-3711-4672-A61B-6A196F1F06AC}.Release|Any CPU.Build.0 = Release|Any CPU
	EndGlobalSection
	GlobalSection(SolutionProperties) = preSolution
		HideSolutionNode = FALSE
	EndGlobalSection
	GlobalSection(ExtensibilityGlobals) = postSolution
		SolutionGuid = {4ED2BAAF-394F-4EFA-AF15-3BA4C14BBD60}
	EndGlobalSection
EndGlobal
